// !$*UTF8*$!
{
	archiveVersion = 1;
	classes = {
	};
	objectVersion = 46;
	objects = {

/* Begin PBXBuildFile section */
		EFAFD7B31CFF191E00A5B25E /* AppDelegate.swift in Sources */ = {isa = PBXBuildFile; fileRef = EFAFD7B21CFF191E00A5B25E /* AppDelegate.swift */; };
		EFAFD7B51CFF191E00A5B25E /* ViewController.swift in Sources */ = {isa = PBXBuildFile; fileRef = EFAFD7B41CFF191E00A5B25E /* ViewController.swift */; };
		EFAFD7B81CFF191E00A5B25E /* Main.storyboard in Resources */ = {isa = PBXBuildFile; fileRef = EFAFD7B61CFF191E00A5B25E /* Main.storyboard */; };
		EFAFD7BA1CFF191E00A5B25E /* Assets.xcassets in Resources */ = {isa = PBXBuildFile; fileRef = EFAFD7B91CFF191E00A5B25E /* Assets.xcassets */; };
		EFAFD7BD1CFF191E00A5B25E /* LaunchScreen.storyboard in Resources */ = {isa = PBXBuildFile; fileRef = EFAFD7BB1CFF191E00A5B25E /* LaunchScreen.storyboard */; };
		EFAFD7C81CFF191E00A5B25E /* MaterialColorTests.swift in Sources */ = {isa = PBXBuildFile; fileRef = EFAFD7C71CFF191E00A5B25E /* MaterialColorTests.swift */; };
		EFAFD7D31CFF191E00A5B25E /* MaterialColorUITests.swift in Sources */ = {isa = PBXBuildFile; fileRef = EFAFD7D21CFF191E00A5B25E /* MaterialColorUITests.swift */; };
		EFAFD7E11CFF192D00A5B25E /* MaterialColor.swift in Sources */ = {isa = PBXBuildFile; fileRef = EFAFD7E01CFF192D00A5B25E /* MaterialColor.swift */; };
		EFAFD7E41CFF221900A5B25E /* konkurranse.png in Resources */ = {isa = PBXBuildFile; fileRef = EFAFD7E31CFF221900A5B25E /* konkurranse.png */; };
/* End PBXBuildFile section */

/* Begin PBXContainerItemProxy section */
		EFAFD7C41CFF191E00A5B25E /* PBXContainerItemProxy */ = {
			isa = PBXContainerItemProxy;
			containerPortal = EFAFD7A71CFF191E00A5B25E /* Project object */;
			proxyType = 1;
			remoteGlobalIDString = EFAFD7AE1CFF191E00A5B25E;
			remoteInfo = MaterialColor;
		};
		EFAFD7CF1CFF191E00A5B25E /* PBXContainerItemProxy */ = {
			isa = PBXContainerItemProxy;
			containerPortal = EFAFD7A71CFF191E00A5B25E /* Project object */;
			proxyType = 1;
			remoteGlobalIDString = EFAFD7AE1CFF191E00A5B25E;
			remoteInfo = MaterialColor;
		};
/* End PBXContainerItemProxy section */

/* Begin PBXFileReference section */
		EFAFD7AF1CFF191E00A5B25E /* MaterialColor.app */ = {isa = PBXFileReference; explicitFileType = wrapper.application; includeInIndex = 0; path = MaterialColor.app; sourceTree = BUILT_PRODUCTS_DIR; };
		EFAFD7B21CFF191E00A5B25E /* AppDelegate.swift */ = {isa = PBXFileReference; lastKnownFileType = sourcecode.swift; path = AppDelegate.swift; sourceTree = "<group>"; };
		EFAFD7B41CFF191E00A5B25E /* ViewController.swift */ = {isa = PBXFileReference; lastKnownFileType = sourcecode.swift; path = ViewController.swift; sourceTree = "<group>"; };
		EFAFD7B71CFF191E00A5B25E /* Base */ = {isa = PBXFileReference; lastKnownFileType = file.storyboard; name = Base; path = Base.lproj/Main.storyboard; sourceTree = "<group>"; };
		EFAFD7B91CFF191E00A5B25E /* Assets.xcassets */ = {isa = PBXFileReference; lastKnownFileType = folder.assetcatalog; path = Assets.xcassets; sourceTree = "<group>"; };
		EFAFD7BC1CFF191E00A5B25E /* Base */ = {isa = PBXFileReference; lastKnownFileType = file.storyboard; name = Base; path = Base.lproj/LaunchScreen.storyboard; sourceTree = "<group>"; };
		EFAFD7BE1CFF191E00A5B25E /* Info.plist */ = {isa = PBXFileReference; lastKnownFileType = text.plist.xml; path = Info.plist; sourceTree = "<group>"; };
		EFAFD7C31CFF191E00A5B25E /* MaterialColorTests.xctest */ = {isa = PBXFileReference; explicitFileType = wrapper.cfbundle; includeInIndex = 0; path = MaterialColorTests.xctest; sourceTree = BUILT_PRODUCTS_DIR; };
		EFAFD7C71CFF191E00A5B25E /* MaterialColorTests.swift */ = {isa = PBXFileReference; lastKnownFileType = sourcecode.swift; path = MaterialColorTests.swift; sourceTree = "<group>"; };
		EFAFD7C91CFF191E00A5B25E /* Info.plist */ = {isa = PBXFileReference; lastKnownFileType = text.plist.xml; path = Info.plist; sourceTree = "<group>"; };
		EFAFD7CE1CFF191E00A5B25E /* MaterialColorUITests.xctest */ = {isa = PBXFileReference; explicitFileType = wrapper.cfbundle; includeInIndex = 0; path = MaterialColorUITests.xctest; sourceTree = BUILT_PRODUCTS_DIR; };
		EFAFD7D21CFF191E00A5B25E /* MaterialColorUITests.swift */ = {isa = PBXFileReference; lastKnownFileType = sourcecode.swift; path = MaterialColorUITests.swift; sourceTree = "<group>"; };
		EFAFD7D41CFF191E00A5B25E /* Info.plist */ = {isa = PBXFileReference; lastKnownFileType = text.plist.xml; path = Info.plist; sourceTree = "<group>"; };
		EFAFD7E01CFF192D00A5B25E /* MaterialColor.swift */ = {isa = PBXFileReference; fileEncoding = 4; lastKnownFileType = sourcecode.swift; path = MaterialColor.swift; sourceTree = "<group>"; };
		EFAFD7E31CFF221900A5B25E /* konkurranse.png */ = {isa = PBXFileReference; lastKnownFileType = image.png; path = konkurranse.png; sourceTree = "<group>"; };
/* End PBXFileReference section */

/* Begin PBXFrameworksBuildPhase section */
		EFAFD7AC1CFF191E00A5B25E /* Frameworks */ = {
			isa = PBXFrameworksBuildPhase;
			buildActionMask = 2147483647;
			files = (
			);
			runOnlyForDeploymentPostprocessing = 0;
		};
		EFAFD7C01CFF191E00A5B25E /* Frameworks */ = {
			isa = PBXFrameworksBuildPhase;
			buildActionMask = 2147483647;
			files = (
			);
			runOnlyForDeploymentPostprocessing = 0;
		};
		EFAFD7CB1CFF191E00A5B25E /* Frameworks */ = {
			isa = PBXFrameworksBuildPhase;
			buildActionMask = 2147483647;
			files = (
			);
			runOnlyForDeploymentPostprocessing = 0;
		};
/* End PBXFrameworksBuildPhase section */

/* Begin PBXGroup section */
		EFAFD7A61CFF191E00A5B25E = {
			isa = PBXGroup;
			children = (
				EFAFD7B11CFF191E00A5B25E /* MaterialColor */,
				EFAFD7C61CFF191E00A5B25E /* MaterialColorTests */,
				EFAFD7D11CFF191E00A5B25E /* MaterialColorUITests */,
				EFAFD7B01CFF191E00A5B25E /* Products */,
			);
			sourceTree = "<group>";
		};
		EFAFD7B01CFF191E00A5B25E /* Products */ = {
			isa = PBXGroup;
			children = (
				EFAFD7AF1CFF191E00A5B25E /* MaterialColor.app */,
				EFAFD7C31CFF191E00A5B25E /* MaterialColorTests.xctest */,
				EFAFD7CE1CFF191E00A5B25E /* MaterialColorUITests.xctest */,
			);
			name = Products;
			sourceTree = "<group>";
		};
		EFAFD7B11CFF191E00A5B25E /* MaterialColor */ = {
			isa = PBXGroup;
			children = (
				EFAFD7E31CFF221900A5B25E /* konkurranse.png */,
				EFAFD7E01CFF192D00A5B25E /* MaterialColor.swift */,
				EFAFD7B21CFF191E00A5B25E /* AppDelegate.swift */,
				EFAFD7B41CFF191E00A5B25E /* ViewController.swift */,
				EFAFD7B61CFF191E00A5B25E /* Main.storyboard */,
				EFAFD7B91CFF191E00A5B25E /* Assets.xcassets */,
				EFAFD7BB1CFF191E00A5B25E /* LaunchScreen.storyboard */,
				EFAFD7BE1CFF191E00A5B25E /* Info.plist */,
			);
			path = MaterialColor;
			sourceTree = "<group>";
		};
		EFAFD7C61CFF191E00A5B25E /* MaterialColorTests */ = {
			isa = PBXGroup;
			children = (
				EFAFD7C71CFF191E00A5B25E /* MaterialColorTests.swift */,
				EFAFD7C91CFF191E00A5B25E /* Info.plist */,
			);
			path = MaterialColorTests;
			sourceTree = "<group>";
		};
		EFAFD7D11CFF191E00A5B25E /* MaterialColorUITests */ = {
			isa = PBXGroup;
			children = (
				EFAFD7D21CFF191E00A5B25E /* MaterialColorUITests.swift */,
				EFAFD7D41CFF191E00A5B25E /* Info.plist */,
			);
			path = MaterialColorUITests;
			sourceTree = "<group>";
		};
/* End PBXGroup section */

/* Begin PBXNativeTarget section */
		EFAFD7AE1CFF191E00A5B25E /* MaterialColor */ = {
			isa = PBXNativeTarget;
			buildConfigurationList = EFAFD7D71CFF191E00A5B25E /* Build configuration list for PBXNativeTarget "MaterialColor" */;
			buildPhases = (
				EFAFD7AB1CFF191E00A5B25E /* Sources */,
				EFAFD7AC1CFF191E00A5B25E /* Frameworks */,
				EFAFD7AD1CFF191E00A5B25E /* Resources */,
			);
			buildRules = (
			);
			dependencies = (
			);
			name = MaterialColor;
			productName = MaterialColor;
			productReference = EFAFD7AF1CFF191E00A5B25E /* MaterialColor.app */;
			productType = "com.apple.product-type.application";
		};
		EFAFD7C21CFF191E00A5B25E /* MaterialColorTests */ = {
			isa = PBXNativeTarget;
			buildConfigurationList = EFAFD7DA1CFF191E00A5B25E /* Build configuration list for PBXNativeTarget "MaterialColorTests" */;
			buildPhases = (
				EFAFD7BF1CFF191E00A5B25E /* Sources */,
				EFAFD7C01CFF191E00A5B25E /* Frameworks */,
				EFAFD7C11CFF191E00A5B25E /* Resources */,
			);
			buildRules = (
			);
			dependencies = (
				EFAFD7C51CFF191E00A5B25E /* PBXTargetDependency */,
			);
			name = MaterialColorTests;
			productName = MaterialColorTests;
			productReference = EFAFD7C31CFF191E00A5B25E /* MaterialColorTests.xctest */;
			productType = "com.apple.product-type.bundle.unit-test";
		};
		EFAFD7CD1CFF191E00A5B25E /* MaterialColorUITests */ = {
			isa = PBXNativeTarget;
			buildConfigurationList = EFAFD7DD1CFF191E00A5B25E /* Build configuration list for PBXNativeTarget "MaterialColorUITests" */;
			buildPhases = (
				EFAFD7CA1CFF191E00A5B25E /* Sources */,
				EFAFD7CB1CFF191E00A5B25E /* Frameworks */,
				EFAFD7CC1CFF191E00A5B25E /* Resources */,
			);
			buildRules = (
			);
			dependencies = (
				EFAFD7D01CFF191E00A5B25E /* PBXTargetDependency */,
			);
			name = MaterialColorUITests;
			productName = MaterialColorUITests;
			productReference = EFAFD7CE1CFF191E00A5B25E /* MaterialColorUITests.xctest */;
			productType = "com.apple.product-type.bundle.ui-testing";
		};
/* End PBXNativeTarget section */

/* Begin PBXProject section */
		EFAFD7A71CFF191E00A5B25E /* Project object */ = {
			isa = PBXProject;
			attributes = {
				LastSwiftUpdateCheck = 0730;
				LastUpgradeCheck = 0730;
				ORGANIZATIONNAME = ooe;
				TargetAttributes = {
					EFAFD7AE1CFF191E00A5B25E = {
						CreatedOnToolsVersion = 7.3;
					};
					EFAFD7C21CFF191E00A5B25E = {
						CreatedOnToolsVersion = 7.3;
						TestTargetID = EFAFD7AE1CFF191E00A5B25E;
					};
					EFAFD7CD1CFF191E00A5B25E = {
						CreatedOnToolsVersion = 7.3;
						TestTargetID = EFAFD7AE1CFF191E00A5B25E;
					};
				};
			};
			buildConfigurationList = EFAFD7AA1CFF191E00A5B25E /* Build configuration list for PBXProject "MaterialColor" */;
			compatibilityVersion = "Xcode 3.2";
			developmentRegion = English;
			hasScannedForEncodings = 0;
			knownRegions = (
				en,
				Base,
			);
			mainGroup = EFAFD7A61CFF191E00A5B25E;
			productRefGroup = EFAFD7B01CFF191E00A5B25E /* Products */;
			projectDirPath = "";
			projectRoot = "";
			targets = (
				EFAFD7AE1CFF191E00A5B25E /* MaterialColor */,
				EFAFD7C21CFF191E00A5B25E /* MaterialColorTests */,
				EFAFD7CD1CFF191E00A5B25E /* MaterialColorUITests */,
			);
		};
/* End PBXProject section */

/* Begin PBXResourcesBuildPhase section */
		EFAFD7AD1CFF191E00A5B25E /* Resources */ = {
			isa = PBXResourcesBuildPhase;
			buildActionMask = 2147483647;
			files = (
				EFAFD7BD1CFF191E00A5B25E /* LaunchScreen.storyboard in Resources */,
				EFAFD7E41CFF221900A5B25E /* konkurranse.png in Resources */,
				EFAFD7BA1CFF191E00A5B25E /* Assets.xcassets in Resources */,
				EFAFD7B81CFF191E00A5B25E /* Main.storyboard in Resources */,
			);
			runOnlyForDeploymentPostprocessing = 0;
		};
		EFAFD7C11CFF191E00A5B25E /* Resources */ = {
			isa = PBXResourcesBuildPhase;
			buildActionMask = 2147483647;
			files = (
			);
			runOnlyForDeploymentPostprocessing = 0;
		};
		EFAFD7CC1CFF191E00A5B25E /* Resources */ = {
			isa = PBXResourcesBuildPhase;
			buildActionMask = 2147483647;
			files = (
			);
			runOnlyForDeploymentPostprocessing = 0;
		};
/* End PBXResourcesBuildPhase section */

/* Begin PBXSourcesBuildPhase section */
		EFAFD7AB1CFF191E00A5B25E /* Sources */ = {
			isa = PBXSourcesBuildPhase;
			buildActionMask = 2147483647;
			files = (
				EFAFD7E11CFF192D00A5B25E /* MaterialColor.swift in Sources */,
				EFAFD7B51CFF191E00A5B25E /* ViewController.swift in Sources */,
				EFAFD7B31CFF191E00A5B25E /* AppDelegate.swift in Sources */,
			);
			runOnlyForDeploymentPostprocessing = 0;
		};
		EFAFD7BF1CFF191E00A5B25E /* Sources */ = {
			isa = PBXSourcesBuildPhase;
			buildActionMask = 2147483647;
			files = (
				EFAFD7C81CFF191E00A5B25E /* MaterialColorTests.swift in Sources */,
			);
			runOnlyForDeploymentPostprocessing = 0;
		};
		EFAFD7CA1CFF191E00A5B25E /* Sources */ = {
			isa = PBXSourcesBuildPhase;
			buildActionMask = 2147483647;
			files = (
				EFAFD7D31CFF191E00A5B25E /* MaterialColorUITests.swift in Sources */,
			);
			runOnlyForDeploymentPostprocessing = 0;
		};
/* End PBXSourcesBuildPhase section */

/* Begin PBXTargetDependency section */
		EFAFD7C51CFF191E00A5B25E /* PBXTargetDependency */ = {
			isa = PBXTargetDependency;
			target = EFAFD7AE1CFF191E00A5B25E /* MaterialColor */;
			targetProxy = EFAFD7C41CFF191E00A5B25E /* PBXContainerItemProxy */;
		};
		EFAFD7D01CFF191E00A5B25E /* PBXTargetDependency */ = {
			isa = PBXTargetDependency;
			target = EFAFD7AE1CFF191E00A5B25E /* MaterialColor */;
			targetProxy = EFAFD7CF1CFF191E00A5B25E /* PBXContainerItemProxy */;
		};
/* End PBXTargetDependency section */

/* Begin PBXVariantGroup section */
		EFAFD7B61CFF191E00A5B25E /* Main.storyboard */ = {
			isa = PBXVariantGroup;
			children = (
				EFAFD7B71CFF191E00A5B25E /* Base */,
			);
			name = Main.storyboard;
			sourceTree = "<group>";
		};
		EFAFD7BB1CFF191E00A5B25E /* LaunchScreen.storyboard */ = {
			isa = PBXVariantGroup;
			children = (
				EFAFD7BC1CFF191E00A5B25E /* Base */,
			);
			name = LaunchScreen.storyboard;
			sourceTree = "<group>";
		};
/* End PBXVariantGroup section */

/* Begin XCBuildConfiguration section */
		EFAFD7D51CFF191E00A5B25E /* Debug */ = {
			isa = XCBuildConfiguration;
			buildSettings = {
				ALWAYS_SEARCH_USER_PATHS = NO;
				CLANG_ANALYZER_NONNULL = YES;
				CLANG_CXX_LANGUAGE_STANDARD = "gnu++0x";
				CLANG_CXX_LIBRARY = "libc++";
				CLANG_ENABLE_MODULES = YES;
				CLANG_ENABLE_OBJC_ARC = YES;
				CLANG_WARN_BOOL_CONVERSION = YES;
				CLANG_WARN_CONSTANT_CONVERSION = YES;
				CLANG_WARN_DIRECT_OBJC_ISA_USAGE = YES_ERROR;
				CLANG_WARN_EMPTY_BODY = YES;
				CLANG_WARN_ENUM_CONVERSION = YES;
				CLANG_WARN_INT_CONVERSION = YES;
				CLANG_WARN_OBJC_ROOT_CLASS = YES_ERROR;
				CLANG_WARN_UNREACHABLE_CODE = YES;
				CLANG_WARN__DUPLICATE_METHOD_MATCH = YES;
				"CODE_SIGN_IDENTITY[sdk=iphoneos*]" = "iPhone Developer";
				COPY_PHASE_STRIP = NO;
				DEBUG_INFORMATION_FORMAT = dwarf;
				ENABLE_STRICT_OBJC_MSGSEND = YES;
				ENABLE_TESTABILITY = YES;
				GCC_C_LANGUAGE_STANDARD = gnu99;
				GCC_DYNAMIC_NO_PIC = NO;
				GCC_NO_COMMON_BLOCKS = YES;
				GCC_OPTIMIZATION_LEVEL = 0;
				GCC_PREPROCESSOR_DEFINITIONS = (
					"DEBUG=1",
					"$(inherited)",
				);
				GCC_WARN_64_TO_32_BIT_CONVERSION = YES;
				GCC_WARN_ABOUT_RETURN_TYPE = YES_ERROR;
				GCC_WARN_UNDECLARED_SELECTOR = YES;
				GCC_WARN_UNINITIALIZED_AUTOS = YES_AGGRESSIVE;
				GCC_WARN_UNUSED_FUNCTION = YES;
				GCC_WARN_UNUSED_VARIABLE = YES;
				IPHONEOS_DEPLOYMENT_TARGET = 9.3;
				MTL_ENABLE_DEBUG_INFO = YES;
				ONLY_ACTIVE_ARCH = YES;
				SDKROOT = iphoneos;
				SWIFT_OPTIMIZATION_LEVEL = "-Onone";
				TARGETED_DEVICE_FAMILY = "1,2";
			};
			name = Debug;
		};
		EFAFD7D61CFF191E00A5B25E /* Release */ = {
			isa = XCBuildConfiguration;
			buildSettings = {
				ALWAYS_SEARCH_USER_PATHS = NO;
				CLANG_ANALYZER_NONNULL = YES;
				CLANG_CXX_LANGUAGE_STANDARD = "gnu++0x";
				CLANG_CXX_LIBRARY = "libc++";
				CLANG_ENABLE_MODULES = YES;
				CLANG_ENABLE_OBJC_ARC = YES;
				CLANG_WARN_BOOL_CONVERSION = YES;
				CLANG_WARN_CONSTANT_CONVERSION = YES;
				CLANG_WARN_DIRECT_OBJC_ISA_USAGE = YES_ERROR;
				CLANG_WARN_EMPTY_BODY = YES;
				CLANG_WARN_ENUM_CONVERSION = YES;
				CLANG_WARN_INT_CONVERSION = YES;
				CLANG_WARN_OBJC_ROOT_CLASS = YES_ERROR;
				CLANG_WARN_UNREACHABLE_CODE = YES;
				CLANG_WARN__DUPLICATE_METHOD_MATCH = YES;
				"CODE_SIGN_IDENTITY[sdk=iphoneos*]" = "iPhone Developer";
				COPY_PHASE_STRIP = NO;
				DEBUG_INFORMATION_FORMAT = "dwarf-with-dsym";
				ENABLE_NS_ASSERTIONS = NO;
				ENABLE_STRICT_OBJC_MSGSEND = YES;
				GCC_C_LANGUAGE_STANDARD = gnu99;
				GCC_NO_COMMON_BLOCKS = YES;
				GCC_WARN_64_TO_32_BIT_CONVERSION = YES;
				GCC_WARN_ABOUT_RETURN_TYPE = YES_ERROR;
				GCC_WARN_UNDECLARED_SELECTOR = YES;
				GCC_WARN_UNINITIALIZED_AUTOS = YES_AGGRESSIVE;
				GCC_WARN_UNUSED_FUNCTION = YES;
				GCC_WARN_UNUSED_VARIABLE = YES;
				IPHONEOS_DEPLOYMENT_TARGET = 9.3;
				MTL_ENABLE_DEBUG_INFO = NO;
				SDKROOT = iphoneos;
				TARGETED_DEVICE_FAMILY = "1,2";
				VALIDATE_PRODUCT = YES;
			};
			name = Release;
		};
		EFAFD7D81CFF191E00A5B25E /* Debug */ = {
			isa = XCBuildConfiguration;
			buildSettings = {
				ASSETCATALOG_COMPILER_APPICON_NAME = AppIcon;
				INFOPLIST_FILE = MaterialColor/Info.plist;
				LD_RUNPATH_SEARCH_PATHS = "$(inherited) @executable_path/Frameworks";
				PRODUCT_BUNDLE_IDENTIFIER = com.ooe.MaterialColor;
				PRODUCT_NAME = "$(TARGET_NAME)";
			};
			name = Debug;
		};
		EFAFD7D91CFF191E00A5B25E /* Release */ = {
			isa = XCBuildConfiguration;
			buildSettings = {
				ASSETCATALOG_COMPILER_APPICON_NAME = AppIcon;
				INFOPLIST_FILE = MaterialColor/Info.plist;
				LD_RUNPATH_SEARCH_PATHS = "$(inherited) @executable_path/Frameworks";
				PRODUCT_BUNDLE_IDENTIFIER = com.ooe.MaterialColor;
				PRODUCT_NAME = "$(TARGET_NAME)";
			};
			name = Release;
		};
		EFAFD7DB1CFF191E00A5B25E /* Debug */ = {
			isa = XCBuildConfiguration;
			buildSettings = {
				BUNDLE_LOADER = "$(TEST_HOST)";
				INFOPLIST_FILE = MaterialColorTests/Info.plist;
				LD_RUNPATH_SEARCH_PATHS = "$(inherited) @executable_path/Frameworks @loader_path/Frameworks";
				PRODUCT_BUNDLE_IDENTIFIER = com.ooe.MaterialColorTests;
				PRODUCT_NAME = "$(TARGET_NAME)";
				TEST_HOST = "$(BUILT_PRODUCTS_DIR)/MaterialColor.app/MaterialColor";
			};
			name = Debug;
		};
		EFAFD7DC1CFF191E00A5B25E /* Release */ = {
			isa = XCBuildConfiguration;
			buildSettings = {
				BUNDLE_LOADER = "$(TEST_HOST)";
				INFOPLIST_FILE = MaterialColorTests/Info.plist;
				LD_RUNPATH_SEARCH_PATHS = "$(inherited) @executable_path/Frameworks @loader_path/Frameworks";
				PRODUCT_BUNDLE_IDENTIFIER = com.ooe.MaterialColorTests;
				PRODUCT_NAME = "$(TARGET_NAME)";
				TEST_HOST = "$(BUILT_PRODUCTS_DIR)/MaterialColor.app/MaterialColor";
			};
			name = Release;
		};
		EFAFD7DE1CFF191E00A5B25E /* Debug */ = {
			isa = XCBuildConfiguration;
			buildSettings = {
				INFOPLIST_FILE = MaterialColorUITests/Info.plist;
				LD_RUNPATH_SEARCH_PATHS = "$(inherited) @executable_path/Frameworks @loader_path/Frameworks";
				PRODUCT_BUNDLE_IDENTIFIER = com.ooe.MaterialColorUITests;
				PRODUCT_NAME = "$(TARGET_NAME)";
				TEST_TARGET_NAME = MaterialColor;
			};
			name = Debug;
		};
		EFAFD7DF1CFF191E00A5B25E /* Release */ = {
			isa = XCBuildConfiguration;
			buildSettings = {
				INFOPLIST_FILE = MaterialColorUITests/Info.plist;
				LD_RUNPATH_SEARCH_PATHS = "$(inherited) @executable_path/Frameworks @loader_path/Frameworks";
				PRODUCT_BUNDLE_IDENTIFIER = com.ooe.MaterialColorUITests;
				PRODUCT_NAME = "$(TARGET_NAME)";
				TEST_TARGET_NAME = MaterialColor;
			};
			name = Release;
		};
/* End XCBuildConfiguration section */

/* Begin XCConfigurationList section */
		EFAFD7AA1CFF191E00A5B25E /* Build configuration list for PBXProject "MaterialColor" */ = {
			isa = XCConfigurationList;
			buildConfigurations = (
				EFAFD7D51CFF191E00A5B25E /* Debug */,
				EFAFD7D61CFF191E00A5B25E /* Release */,
			);
			defaultConfigurationIsVisible = 0;
			defaultConfigurationName = Release;
		};
		EFAFD7D71CFF191E00A5B25E /* Build configuration list for PBXNativeTarget "MaterialColor" */ = {
			isa = XCConfigurationList;
			buildConfigurations = (
				EFAFD7D81CFF191E00A5B25E /* Debug */,
				EFAFD7D91CFF191E00A5B25E /* Release */,
			);
			defaultConfigurationIsVisible = 0;
			defaultConfigurationName = Release;
		};
		EFAFD7DA1CFF191E00A5B25E /* Build configuration list for PBXNativeTarget "MaterialColorTests" */ = {
			isa = XCConfigurationList;
			buildConfigurations = (
				EFAFD7DB1CFF191E00A5B25E /* Debug */,
				EFAFD7DC1CFF191E00A5B25E /* Release */,
			);
			defaultConfigurationIsVisible = 0;
			defaultConfigurationName = Release;
		};
		EFAFD7DD1CFF191E00A5B25E /* Build configuration list for PBXNativeTarget "MaterialColorUITests" */ = {
			isa = XCConfigurationList;
			buildConfigurations = (
				EFAFD7DE1CFF191E00A5B25E /* Debug */,
				EFAFD7DF1CFF191E00A5B25E /* Release */,
			);
			defaultConfigurationIsVisible = 0;
			defaultConfigurationName = Release;
		};
/* End XCConfigurationList section */
	};
	rootObject = EFAFD7A71CFF191E00A5B25E /* Project object */;
}
